// !$*UTF8*$!
{
	archiveVersion = 1;
	classes = {
	};
	objectVersion = 46;
	objects = {

/* Begin PBXBuildFile section */
		B15860301E9CFE4F00BD686D /* main.m in Sources */ = {isa = PBXBuildFile; fileRef = B158602F1E9CFE4F00BD686D /* main.m */; };
		B15860331E9CFE4F00BD686D /* AppDelegate.m in Sources */ = {isa = PBXBuildFile; fileRef = B15860321E9CFE4F00BD686D /* AppDelegate.m */; };
		B15860361E9CFE4F00BD686D /* ViewController.m in Sources */ = {isa = PBXBuildFile; fileRef = B15860351E9CFE4F00BD686D /* ViewController.m */; };
		B15860391E9CFE4F00BD686D /* Main.storyboard in Resources */ = {isa = PBXBuildFile; fileRef = B15860371E9CFE4F00BD686D /* Main.storyboard */; };
		B158603B1E9CFE4F00BD686D /* Assets.xcassets in Resources */ = {isa = PBXBuildFile; fileRef = B158603A1E9CFE4F00BD686D /* Assets.xcassets */; };
		B158603E1E9CFE4F00BD686D /* LaunchScreen.storyboard in Resources */ = {isa = PBXBuildFile; fileRef = B158603C1E9CFE4F00BD686D /* LaunchScreen.storyboard */; };
		B15860471E9D05CA00BD686D /* GoCoderViewController.m in Sources */ = {isa = PBXBuildFile; fileRef = B15860461E9D05CA00BD686D /* GoCoderViewController.m */; };
		B158604A1E9D05E900BD686D /* ReverseGoCoderController.m in Sources */ = {isa = PBXBuildFile; fileRef = B15860491E9D05E900BD686D /* ReverseGoCoderController.m */; };
/* End PBXBuildFile section */

/* Begin PBXFileReference section */
		B158602B1E9CFE4F00BD686D /* mapView-locateYourLaction.app */ = {isa = PBXFileReference; explicitFileType = wrapper.application; includeInIndex = 0; path = "mapView-locateYourLaction.app"; sourceTree = BUILT_PRODUCTS_DIR; };
		B158602F1E9CFE4F00BD686D /* main.m */ = {isa = PBXFileReference; lastKnownFileType = sourcecode.c.objc; path = main.m; sourceTree = "<group>"; };
		B15860311E9CFE4F00BD686D /* AppDelegate.h */ = {isa = PBXFileReference; lastKnownFileType = sourcecode.c.h; path = AppDelegate.h; sourceTree = "<group>"; };
		B15860321E9CFE4F00BD686D /* AppDelegate.m */ = {isa = PBXFileReference; lastKnownFileType = sourcecode.c.objc; path = AppDelegate.m; sourceTree = "<group>"; };
		B15860341E9CFE4F00BD686D /* ViewController.h */ = {isa = PBXFileReference; lastKnownFileType = sourcecode.c.h; path = ViewController.h; sourceTree = "<group>"; };
		B15860351E9CFE4F00BD686D /* ViewController.m */ = {isa = PBXFileReference; lastKnownFileType = sourcecode.c.objc; path = ViewController.m; sourceTree = "<group>"; };
		B15860381E9CFE4F00BD686D /* Base */ = {isa = PBXFileReference; lastKnownFileType = file.storyboard; name = Base; path = Base.lproj/Main.storyboard; sourceTree = "<group>"; };
		B158603A1E9CFE4F00BD686D /* Assets.xcassets */ = {isa = PBXFileReference; lastKnownFileType = folder.assetcatalog; path = Assets.xcassets; sourceTree = "<group>"; };
		B158603D1E9CFE4F00BD686D /* Base */ = {isa = PBXFileReference; lastKnownFileType = file.storyboard; name = Base; path = Base.lproj/LaunchScreen.storyboard; sourceTree = "<group>"; };
		B158603F1E9CFE4F00BD686D /* Info.plist */ = {isa = PBXFileReference; lastKnownFileType = text.plist.xml; path = Info.plist; sourceTree = "<group>"; };
		B15860451E9D05CA00BD686D /* GoCoderViewController.h */ = {isa = PBXFileReference; fileEncoding = 4; lastKnownFileType = sourcecode.c.h; path = GoCoderViewController.h; sourceTree = "<group>"; };
		B15860461E9D05CA00BD686D /* GoCoderViewController.m */ = {isa = PBXFileReference; fileEncoding = 4; lastKnownFileType = sourcecode.c.objc; path = GoCoderViewController.m; sourceTree = "<group>"; };
		B15860481E9D05E900BD686D /* ReverseGoCoderController.h */ = {isa = PBXFileReference; fileEncoding = 4; lastKnownFileType = sourcecode.c.h; path = ReverseGoCoderController.h; sourceTree = "<group>"; };
		B15860491E9D05E900BD686D /* ReverseGoCoderController.m */ = {isa = PBXFileReference; fileEncoding = 4; lastKnownFileType = sourcecode.c.objc; path = ReverseGoCoderController.m; sourceTree = "<group>"; };
/* End PBXFileReference section */

/* Begin PBXFrameworksBuildPhase section */
		B15860281E9CFE4F00BD686D /* Frameworks */ = {
			isa = PBXFrameworksBuildPhase;
			buildActionMask = 2147483647;
			files = (
			);
			runOnlyForDeploymentPostprocessing = 0;
		};
/* End PBXFrameworksBuildPhase section */

/* Begin PBXGroup section */
		B15860221E9CFE4E00BD686D = {
			isa = PBXGroup;
			children = (
				B158602D1E9CFE4F00BD686D /* mapView2 */,
				B158602C1E9CFE4F00BD686D /* Products */,
			);
			sourceTree = "<group>";
		};
		B158602C1E9CFE4F00BD686D /* Products */ = {
			isa = PBXGroup;
			children = (
				B158602B1E9CFE4F00BD686D /* mapView-locateYourLaction.app */,
			);
			name = Products;
			sourceTree = "<group>";
		};
		B158602D1E9CFE4F00BD686D /* mapView2 */ = {
			isa = PBXGroup;
			children = (
				B15860311E9CFE4F00BD686D /* AppDelegate.h */,
				B15860321E9CFE4F00BD686D /* AppDelegate.m */,
				B15860341E9CFE4F00BD686D /* ViewController.h */,
				B15860351E9CFE4F00BD686D /* ViewController.m */,
				B15860371E9CFE4F00BD686D /* Main.storyboard */,
				B158603A1E9CFE4F00BD686D /* Assets.xcassets */,
				B158603C1E9CFE4F00BD686D /* LaunchScreen.storyboard */,
				B158603F1E9CFE4F00BD686D /* Info.plist */,
				B158602E1E9CFE4F00BD686D /* Supporting Files */,
				B15860451E9D05CA00BD686D /* GoCoderViewController.h */,
				B15860461E9D05CA00BD686D /* GoCoderViewController.m */,
				B15860481E9D05E900BD686D /* ReverseGoCoderController.h */,
				B15860491E9D05E900BD686D /* ReverseGoCoderController.m */,
			);
			path = mapView2;
			sourceTree = "<group>";
		};
		B158602E1E9CFE4F00BD686D /* Supporting Files */ = {
			isa = PBXGroup;
			children = (
				B158602F1E9CFE4F00BD686D /* main.m */,
			);
			name = "Supporting Files";
			sourceTree = "<group>";
		};
/* End PBXGroup section */

/* Begin PBXNativeTarget section */
		B158602A1E9CFE4F00BD686D /* mapView-locateYourLaction */ = {
			isa = PBXNativeTarget;
			buildConfigurationList = B15860421E9CFE4F00BD686D /* Build configuration list for PBXNativeTarget "mapView-locateYourLaction" */;
			buildPhases = (
				B15860271E9CFE4F00BD686D /* Sources */,
				B15860281E9CFE4F00BD686D /* Frameworks */,
				B15860291E9CFE4F00BD686D /* Resources */,
			);
			buildRules = (
			);
			dependencies = (
			);
			name = "mapView-locateYourLaction";
			productName = mapView2;
			productReference = B158602B1E9CFE4F00BD686D /* mapView-locateYourLaction.app */;
			productType = "com.apple.product-type.application";
		};
/* End PBXNativeTarget section */

/* Begin PBXProject section */
		B15860231E9CFE4E00BD686D /* Project object */ = {
			isa = PBXProject;
			attributes = {
				LastUpgradeCheck = 0820;
				ORGANIZATIONNAME = omychic;
				TargetAttributes = {
					B158602A1E9CFE4F00BD686D = {
						CreatedOnToolsVersion = 8.2;
						ProvisioningStyle = Automatic;
					};
				};
			};
			buildConfigurationList = B15860261E9CFE4E00BD686D /* Build configuration list for PBXProject "mapView-locateYourLaction" */;
			compatibilityVersion = "Xcode 3.2";
			developmentRegion = English;
			hasScannedForEncodings = 0;
			knownRegions = (
				en,
				Base,
			);
			mainGroup = B15860221E9CFE4E00BD686D;
			productRefGroup = B158602C1E9CFE4F00BD686D /* Products */;
			projectDirPath = "";
			projectRoot = "";
			targets = (
				B158602A1E9CFE4F00BD686D /* mapView-locateYourLaction */,
			);
		};
/* End PBXProject section */

/* Begin PBXResourcesBuildPhase section */
		B15860291E9CFE4F00BD686D /* Resources */ = {
			isa = PBXResourcesBuildPhase;
			buildActionMask = 2147483647;
			files = (
				B158603E1E9CFE4F00BD686D /* LaunchScreen.storyboard in Resources */,
				B158603B1E9CFE4F00BD686D /* Assets.xcassets in Resources */,
				B15860391E9CFE4F00BD686D /* Main.storyboard in Resources */,
			);
			runOnlyForDeploymentPostprocessing = 0;
		};
/* End PBXResourcesBuildPhase section */

/* Begin PBXSourcesBuildPhase section */
		B15860271E9CFE4F00BD686D /* Sources */ = {
			isa = PBXSourcesBuildPhase;
			buildActionMask = 2147483647;
			files = (
				B158604A1E9D05E900BD686D /* ReverseGoCoderController.m in Sources */,
				B15860471E9D05CA00BD686D /* GoCoderViewController.m in Sources */,
				B15860361E9CFE4F00BD686D /* ViewController.m in Sources */,
				B15860331E9CFE4F00BD686D /* AppDelegate.m in Sources */,
				B15860301E9CFE4F00BD686D /* main.m in Sources */,
			);
			runOnlyForDeploymentPostprocessing = 0;
		};
/* End PBXSourcesBuildPhase section */

/* Begin PBXVariantGroup section */
		B15860371E9CFE4F00BD686D /* Main.storyboard */ = {
			isa = PBXVariantGroup;
			children = (
				B15860381E9CFE4F00BD686D /* Base */,
			);
			name = Main.storyboard;
			sourceTree = "<group>";
		};
		B158603C1E9CFE4F00BD686D /* LaunchScreen.storyboard */ = {
			isa = PBXVariantGroup;
			children = (
				B158603D1E9CFE4F00BD686D /* Base */,
			);
			name = LaunchScreen.storyboard;
			sourceTree = "<group>";
		};
/* End PBXVariantGroup section */

/* Begin XCBuildConfiguration section */
		B15860401E9CFE4F00BD686D /* Debug */ = {
			isa = XCBuildConfiguration;
			buildSettings = {
				ALWAYS_SEARCH_USER_PATHS = NO;
				CLANG_ANALYZER_NONNULL = YES;
				CLANG_CXX_LANGUAGE_STANDARD = "gnu++0x";
				CLANG_CXX_LIBRARY = "libc++";
				CLANG_ENABLE_MODULES = YES;
				CLANG_ENABLE_OBJC_ARC = YES;
				CLANG_WARN_BOOL_CONVERSION = YES;
				CLANG_WARN_CONSTANT_CONVERSION = YES;
				CLANG_WARN_DIRECT_OBJC_ISA_USAGE = YES_ERROR;
				CLANG_WARN_DOCUMENTATION_COMMENTS = YES;
				CLANG_WARN_EMPTY_BODY = YES;
				CLANG_WARN_ENUM_CONVERSION = YES;
				CLANG_WARN_INFINITE_RECURSION = YES;
				CLANG_WARN_INT_CONVERSION = YES;
				CLANG_WARN_OBJC_ROOT_CLASS = YES_ERROR;
				CLANG_WARN_SUSPICIOUS_MOVE = YES;
				CLANG_WARN_UNREACHABLE_CODE = YES;
				CLANG_WARN__DUPLICATE_METHOD_MATCH = YES;
				"CODE_SIGN_IDENTITY[sdk=iphoneos*]" = "iPhone Developer";
				COPY_PHASE_STRIP = NO;
				DEBUG_INFORMATION_FORMAT = dwarf;
				ENABLE_STRICT_OBJC_MSGSEND = YES;
				ENABLE_TESTABILITY = YES;
				GCC_C_LANGUAGE_STANDARD = gnu99;
				GCC_DYNAMIC_NO_PIC = NO;
				GCC_NO_COMMON_BLOCKS = YES;
				GCC_OPTIMIZATION_LEVEL = 0;
				GCC_PREPROCESSOR_DEFINITIONS = (
					"DEBUG=1",
					"$(inherited)",
				);
				GCC_WARN_64_TO_32_BIT_CONVERSION = YES;
				GCC_WARN_ABOUT_RETURN_TYPE = YES_ERROR;
				GCC_WARN_UNDECLARED_SELECTOR = YES;
				GCC_WARN_UNINITIALIZED_AUTOS = YES_AGGRESSIVE;
				GCC_WARN_UNUSED_FUNCTION = YES;
				GCC_WARN_UNUSED_VARIABLE = YES;
				IPHONEOS_DEPLOYMENT_TARGET = 10.2;
				MTL_ENABLE_DEBUG_INFO = YES;
				ONLY_ACTIVE_ARCH = YES;
				SDKROOT = iphoneos;
			};
			name = Debug;
		};
		B15860411E9CFE4F00BD686D /* Release */ = {
			isa = XCBuildConfiguration;
			buildSettings = {
				ALWAYS_SEARCH_USER_PATHS = NO;
				CLANG_ANALYZER_NONNULL = YES;
				CLANG_CXX_LANGUAGE_STANDARD = "gnu++0x";
				CLANG_CXX_LIBRARY = "libc++";
				CLANG_ENABLE_MODULES = YES;
				CLANG_ENABLE_OBJC_ARC = YES;
				CLANG_WARN_BOOL_CONVERSION = YES;
				CLANG_WARN_CONSTANT_CONVERSION = YES;
				CLANG_WARN_DIRECT_OBJC_ISA_USAGE = YES_ERROR;
				CLANG_WARN_DOCUMENTATION_COMMENTS = YES;
				CLANG_WARN_EMPTY_BODY = YES;
				CLANG_WARN_ENUM_CONVERSION = YES;
				CLANG_WARN_INFINITE_RECURSION = YES;
				CLANG_WARN_INT_CONVERSION = YES;
				CLANG_WARN_OBJC_ROOT_CLASS = YES_ERROR;
				CLANG_WARN_SUSPICIOUS_MOVE = YES;
				CLANG_WARN_UNREACHABLE_CODE = YES;
				CLANG_WARN__DUPLICATE_METHOD_MATCH = YES;
				"CODE_SIGN_IDENTITY[sdk=iphoneos*]" = "iPhone Developer";
				COPY_PHASE_STRIP = NO;
				DEBUG_INFORMATION_FORMAT = "dwarf-with-dsym";
				ENABLE_NS_ASSERTIONS = NO;
				ENABLE_STRICT_OBJC_MSGSEND = YES;
				GCC_C_LANGUAGE_STANDARD = gnu99;
				GCC_NO_COMMON_BLOCKS = YES;
				GCC_WARN_64_TO_32_BIT_CONVERSION = YES;
				GCC_WARN_ABOUT_RETURN_TYPE = YES_ERROR;
				GCC_WARN_UNDECLARED_SELECTOR = YES;
				GCC_WARN_UNINITIALIZED_AUTOS = YES_AGGRESSIVE;
				GCC_WARN_UNUSED_FUNCTION = YES;
				GCC_WARN_UNUSED_VARIABLE = YES;
				IPHONEOS_DEPLOYMENT_TARGET = 10.2;
				MTL_ENABLE_DEBUG_INFO = NO;
				SDKROOT = iphoneos;
				VALIDATE_PRODUCT = YES;
			};
			name = Release;
		};
		B15860431E9CFE4F00BD686D /* Debug */ = {
			isa = XCBuildConfiguration;
			buildSettings = {
				ASSETCATALOG_COMPILER_APPICON_NAME = AppIcon;
				INFOPLIST_FILE = mapView2/Info.plist;
				IPHONEOS_DEPLOYMENT_TARGET = 8.0;
				LD_RUNPATH_SEARCH_PATHS = "$(inherited) @executable_path/Frameworks";
				PRODUCT_BUNDLE_IDENTIFIER = com.omychic.www.mapView2;
				PRODUCT_NAME = "$(TARGET_NAME)";
			};
			name = Debug;
		};
		B15860441E9CFE4F00BD686D /* Release */ = {
			isa = XCBuildConfiguration;
			buildSettings = {
				ASSETCATALOG_COMPILER_APPICON_NAME = AppIcon;
				INFOPLIST_FILE = mapView2/Info.plist;
				IPHONEOS_DEPLOYMENT_TARGET = 8.0;
				LD_RUNPATH_SEARCH_PATHS = "$(inherited) @executable_path/Frameworks";
				PRODUCT_BUNDLE_IDENTIFIER = com.omychic.www.mapView2;
				PRODUCT_NAME = "$(TARGET_NAME)";
			};
			name = Release;
		};
/* End XCBuildConfiguration section */

/* Begin XCConfigurationList section */
		B15860261E9CFE4E00BD686D /* Build configuration list for PBXProject "mapView-locateYourLaction" */ = {
			isa = XCConfigurationList;
			buildConfigurations = (
				B15860401E9CFE4F00BD686D /* Debug */,
				B15860411E9CFE4F00BD686D /* Release */,
			);
			defaultConfigurationIsVisible = 0;
			defaultConfigurationName = Release;
		};
		B15860421E9CFE4F00BD686D /* Build configuration list for PBXNativeTarget "mapView-locateYourLaction" */ = {
			isa = XCConfigurationList;
			buildConfigurations = (
				B15860431E9CFE4F00BD686D /* Debug */,
				B15860441E9CFE4F00BD686D /* Release */,
			);
			defaultConfigurationIsVisible = 0;
			defaultConfigurationName = Release;
		};
/* End XCConfigurationList section */
	};
	rootObject = B15860231E9CFE4E00BD686D /* Project object */;
}
